
Microsoft Visual Studio Solution File, Format Version 12.00
# Visual Studio 14
VisualStudioVersion = 14.0.22823.1
MinimumVisualStudioVersion = 10.0.40219.1
Project("{FAE04EC0-301F-11D3-BF4B-00C04F79EFBC}") = "Data", "Data.csproj", "{00ABCA6E-BE41-4BD2-8874-7739D052A1F2}"
EndProject
Project("{2150E333-8FDC-42A3-9474-1A3956D46DE8}") = "DAL", "DAL", "{9A6ADF5D-13C5-478E-8EF1-A8D60CE72781}"
EndProject
Project("{2150E333-8FDC-42A3-9474-1A3956D46DE8}") = "Domain", "Domain", "{9D7A0C8D-B39B-41B8-AE59-2534DE4E5BA3}"
EndProject
Project("{2150E333-8FDC-42A3-9474-1A3956D46DE8}") = "Entities", "Entities", "{5FA3C077-C36F-43FB-88C3-76D129EF8693}"
EndProject
Project("{FAE04EC0-301F-11D3-BF4B-00C04F79EFBC}") = "Repository", "..\Repository\Repository.csproj", "{D2F11D0F-6CC0-45A9-8096-2D1AFFE2DFC7}"
EndProject
Project("{FAE04EC0-301F-11D3-BF4B-00C04F79EFBC}") = "UnitTest", "Test\UnitTest.csproj", "{9744B365-3FF9-4249-B09E-6A161E608B03}"
EndProject
Global
	GlobalSection(SolutionConfigurationPlatforms) = preSolution
		Debug|Any CPU = Debug|Any CPU
		Release|Any CPU = Release|Any CPU
	EndGlobalSection
	GlobalSection(ProjectConfigurationPlatforms) = postSolution
		{00ABCA6E-BE41-4BD2-8874-7739D052A1F2}.Debug|Any CPU.ActiveCfg = Debug|Any CPU
		{00ABCA6E-BE41-4BD2-8874-7739D052A1F2}.Debug|Any CPU.Build.0 = Debug|Any CPU
		{00ABCA6E-BE41-4BD2-8874-7739D052A1F2}.Release|Any CPU.ActiveCfg = Release|Any CPU
		{00ABCA6E-BE41-4BD2-8874-7739D052A1F2}.Release|Any CPU.Build.0 = Release|Any CPU
		{D2F11D0F-6CC0-45A9-8096-2D1AFFE2DFC7}.Debug|Any CPU.ActiveCfg = Debug|Any CPU
		{D2F11D0F-6CC0-45A9-8096-2D1AFFE2DFC7}.Debug|Any CPU.Build.0 = Debug|Any CPU
		{D2F11D0F-6CC0-45A9-8096-2D1AFFE2DFC7}.Release|Any CPU.ActiveCfg = Release|Any CPU
		{D2F11D0F-6CC0-45A9-8096-2D1AFFE2DFC7}.Release|Any CPU.Build.0 = Release|Any CPU
		{9744B365-3FF9-4249-B09E-6A161E608B03}.Debug|Any CPU.ActiveCfg = Debug|Any CPU
		{9744B365-3FF9-4249-B09E-6A161E608B03}.Debug|Any CPU.Build.0 = Debug|Any CPU
		{9744B365-3FF9-4249-B09E-6A161E608B03}.Release|Any CPU.ActiveCfg = Release|Any CPU
		{9744B365-3FF9-4249-B09E-6A161E608B03}.Release|Any CPU.Build.0 = Release|Any CPU
	EndGlobalSection
	GlobalSection(SolutionProperties) = preSolution
		HideSolutionNode = FALSE
	EndGlobalSection
	GlobalSection(NestedProjects) = preSolution
		{00ABCA6E-BE41-4BD2-8874-7739D052A1F2} = {9A6ADF5D-13C5-478E-8EF1-A8D60CE72781}
		{5FA3C077-C36F-43FB-88C3-76D129EF8693} = {9A6ADF5D-13C5-478E-8EF1-A8D60CE72781}
		{D2F11D0F-6CC0-45A9-8096-2D1AFFE2DFC7} = {9A6ADF5D-13C5-478E-8EF1-A8D60CE72781}
		{9744B365-3FF9-4249-B09E-6A161E608B03} = {9A6ADF5D-13C5-478E-8EF1-A8D60CE72781}
	EndGlobalSection
EndGlobal
