
Microsoft Visual Studio Solution File, Format Version 12.00
# Visual Studio 2013
VisualStudioVersion = 12.0.31101.0
MinimumVisualStudioVersion = 10.0.40219.1
Project("{FAE04EC0-301F-11D3-BF4B-00C04F79EFBC}") = "Repository", "..\Repository\Repository.csproj", "{D2F11D0F-6CC0-45A9-8096-2D1AFFE2DFC7}"
EndProject
Project("{FAE04EC0-301F-11D3-BF4B-00C04F79EFBC}") = "UnitTest", "Test\UnitTest.csproj", "{9744B365-3FF9-4249-B09E-6A161E608B03}"
EndProject
Project("{2150E333-8FDC-42A3-9474-1A3956D46DE8}") = ".nuget", ".nuget", "{B754E52F-B78E-4A0C-BBA4-4696E09B3824}"
	ProjectSection(SolutionItems) = preProject
		.nuget\NuGet.Config = .nuget\NuGet.Config
		.nuget\NuGet.exe = .nuget\NuGet.exe
		.nuget\NuGet.targets = .nuget\NuGet.targets
	EndProjectSection
EndProject
Project("{FAE04EC0-301F-11D3-BF4B-00C04F79EFBC}") = "Framework.Web", "..\Framework.Web\Framework.Web.csproj", "{9C4AC59A-1518-4FBA-929A-E69AE1F1F29F}"
EndProject
Project("{FAE04EC0-301F-11D3-BF4B-00C04F79EFBC}") = "Framework.Data", "Framework.Data\Framework.Data.csproj", "{F3E02490-153B-4B61-A59F-6A9A0BB837C6}"
EndProject
Global
	GlobalSection(SolutionConfigurationPlatforms) = preSolution
		Debug|Any CPU = Debug|Any CPU
		Release|Any CPU = Release|Any CPU
	EndGlobalSection
	GlobalSection(ProjectConfigurationPlatforms) = postSolution
		{D2F11D0F-6CC0-45A9-8096-2D1AFFE2DFC7}.Debug|Any CPU.ActiveCfg = Debug|Any CPU
		{D2F11D0F-6CC0-45A9-8096-2D1AFFE2DFC7}.Debug|Any CPU.Build.0 = Debug|Any CPU
		{D2F11D0F-6CC0-45A9-8096-2D1AFFE2DFC7}.Release|Any CPU.ActiveCfg = Release|Any CPU
		{D2F11D0F-6CC0-45A9-8096-2D1AFFE2DFC7}.Release|Any CPU.Build.0 = Release|Any CPU
		{9744B365-3FF9-4249-B09E-6A161E608B03}.Debug|Any CPU.ActiveCfg = Debug|Any CPU
		{9744B365-3FF9-4249-B09E-6A161E608B03}.Debug|Any CPU.Build.0 = Debug|Any CPU
		{9744B365-3FF9-4249-B09E-6A161E608B03}.Release|Any CPU.ActiveCfg = Release|Any CPU
		{9744B365-3FF9-4249-B09E-6A161E608B03}.Release|Any CPU.Build.0 = Release|Any CPU
		{9C4AC59A-1518-4FBA-929A-E69AE1F1F29F}.Debug|Any CPU.ActiveCfg = Debug|Any CPU
		{9C4AC59A-1518-4FBA-929A-E69AE1F1F29F}.Debug|Any CPU.Build.0 = Debug|Any CPU
		{9C4AC59A-1518-4FBA-929A-E69AE1F1F29F}.Release|Any CPU.ActiveCfg = Release|Any CPU
		{9C4AC59A-1518-4FBA-929A-E69AE1F1F29F}.Release|Any CPU.Build.0 = Release|Any CPU
		{F3E02490-153B-4B61-A59F-6A9A0BB837C6}.Debug|Any CPU.ActiveCfg = Debug|Any CPU
		{F3E02490-153B-4B61-A59F-6A9A0BB837C6}.Debug|Any CPU.Build.0 = Debug|Any CPU
		{F3E02490-153B-4B61-A59F-6A9A0BB837C6}.Release|Any CPU.ActiveCfg = Release|Any CPU
		{F3E02490-153B-4B61-A59F-6A9A0BB837C6}.Release|Any CPU.Build.0 = Release|Any CPU
	EndGlobalSection
	GlobalSection(SolutionProperties) = preSolution
		HideSolutionNode = FALSE
	EndGlobalSection
EndGlobal
